{
  "requires": true,
  "lockfileVersion": 1,
  "dependencies": {
    "leaflet-defaulticon-compatibility": {
      "version": "0.1.1",
      "resolved": "https://registry.npmjs.org/leaflet-defaulticon-compatibility/-/leaflet-defaulticon-compatibility-0.1.1.tgz",
      "integrity": "sha512-vDBFdlUAwjSEGep9ih8kfJilf6yN8V9zTbF5NC/1ZwLeGko3RUQepspPnGCRMFV51dY3Lb3hziboicrFz+rxQA=="
    }
  }
}
